
Microsoft Visual Studio Solution File, Format Version 12.00
# Visual Studio Version 16
VisualStudioVersion = 16.0.29709.97
MinimumVisualStudioVersion = 10.0.40219.1
Project("{FAE04EC0-301F-11D3-BF4B-00C04F79EFBC}") = "Cookbook.DAL", "Cookbook.DAL\Cookbook.DAL.csproj", "{4643B668-D8CE-4746-A25B-3C13EDFE5F07}"
EndProject
Global
	GlobalSection(SolutionConfigurationPlatforms) = preSolution
		Debug|Any CPU = Debug|Any CPU
		Release|Any CPU = Release|Any CPU
	EndGlobalSection
	GlobalSection(ProjectConfigurationPlatforms) = postSolution
		{4643B668-D8CE-4746-A25B-3C13EDFE5F07}.Debug|Any CPU.ActiveCfg = Debug|Any CPU
		{4643B668-D8CE-4746-A25B-3C13EDFE5F07}.Debug|Any CPU.Build.0 = Debug|Any CPU
		{4643B668-D8CE-4746-A25B-3C13EDFE5F07}.Release|Any CPU.ActiveCfg = Release|Any CPU
		{4643B668-D8CE-4746-A25B-3C13EDFE5F07}.Release|Any CPU.Build.0 = Release|Any CPU
	EndGlobalSection
	GlobalSection(SolutionProperties) = preSolution
		HideSolutionNode = FALSE
	EndGlobalSection
	GlobalSection(ExtensibilityGlobals) = postSolution
		SolutionGuid = {B204F0AF-2D16-4A89-B635-BF7EBE1077BB}
	EndGlobalSection
EndGlobal
